
Microsoft Visual Studio Solution File, Format Version 12.00
# Visual Studio Version 16
VisualStudioVersion = 16.0.30413.136
MinimumVisualStudioVersion = 10.0.40219.1
Project("{FAE04EC0-301F-11D3-BF4B-00C04F79EFBC}") = "FlixSorter", "FlixSorter\FlixSorter.csproj", "{BE709E85-07FE-4EB7-9264-884807E6CDE3}"
EndProject
Global
	GlobalSection(SolutionConfigurationPlatforms) = preSolution
		Debug|Any CPU = Debug|Any CPU
		Release|Any CPU = Release|Any CPU
	EndGlobalSection
	GlobalSection(ProjectConfigurationPlatforms) = postSolution
		{BE709E85-07FE-4EB7-9264-884807E6CDE3}.Debug|Any CPU.ActiveCfg = Debug|Any CPU
		{BE709E85-07FE-4EB7-9264-884807E6CDE3}.Debug|Any CPU.Build.0 = Debug|Any CPU
		{BE709E85-07FE-4EB7-9264-884807E6CDE3}.Release|Any CPU.ActiveCfg = Release|Any CPU
		{BE709E85-07FE-4EB7-9264-884807E6CDE3}.Release|Any CPU.Build.0 = Release|Any CPU
	EndGlobalSection
	GlobalSection(SolutionProperties) = preSolution
		HideSolutionNode = FALSE
	EndGlobalSection
	GlobalSection(ExtensibilityGlobals) = postSolution
		SolutionGuid = {6352FF44-428E-463C-B889-9D172A025F77}
	EndGlobalSection
EndGlobal
